
Microsoft Visual Studio Solution File, Format Version 12.00
# Visual Studio 14
VisualStudioVersion = 14.0.25420.1
MinimumVisualStudioVersion = 10.0.40219.1
Project("{D954291E-2A0B-460D-934E-DC6B0785DB48}") = "Jaglak", "Jaglak\Jaglak\Jaglak.shproj", "{BD34F351-5E61-474D-937C-1B648F325FC1}"
EndProject
Project("{FAE04EC0-301F-11D3-BF4B-00C04F79EFBC}") = "Jaglak.Droid", "Jaglak\Jaglak.Droid\Jaglak.Droid.csproj", "{9D927CC4-E344-4C8B-B238-49694EF90680}"
EndProject
Project("{FAE04EC0-301F-11D3-BF4B-00C04F79EFBC}") = "Jaglak.iOS", "Jaglak\Jaglak.iOS\Jaglak.iOS.csproj", "{A6833A0B-CEDD-4902-856F-9CB3EFF0CFED}"
EndProject
Project("{FAE04EC0-301F-11D3-BF4B-00C04F79EFBC}") = "Jaglak.WinPhone", "Jaglak\Jaglak.WinPhone\Jaglak.WinPhone.csproj", "{3EDD6C4B-A90E-40D2-9972-C66C6DC22EBD}"
EndProject
Project("{FAE04EC0-301F-11D3-BF4B-00C04F79EFBC}") = "Jaglak.Windows", "Jaglak\Jaglak.Windows\Jaglak.Windows.csproj", "{43BC4294-DAE1-4CEF-AEC5-23CA49270823}"
EndProject
Global
	GlobalSection(SharedMSBuildProjectFiles) = preSolution
		Jaglak\Jaglak\Jaglak.projitems*{3edd6c4b-a90e-40d2-9972-c66c6dc22ebd}*SharedItemsImports = 4
		Jaglak\Jaglak\Jaglak.projitems*{43bc4294-dae1-4cef-aec5-23ca49270823}*SharedItemsImports = 4
		Jaglak\Jaglak\Jaglak.projitems*{9d927cc4-e344-4c8b-b238-49694ef90680}*SharedItemsImports = 4
		Jaglak\Jaglak\Jaglak.projitems*{a6833a0b-cedd-4902-856f-9cb3eff0cfed}*SharedItemsImports = 4
		Jaglak\Jaglak\Jaglak.projitems*{bd34f351-5e61-474d-937c-1b648f325fc1}*SharedItemsImports = 13
	EndGlobalSection
	GlobalSection(SolutionConfigurationPlatforms) = preSolution
		Ad-Hoc|Any CPU = Ad-Hoc|Any CPU
		Ad-Hoc|ARM = Ad-Hoc|ARM
		Ad-Hoc|iPhone = Ad-Hoc|iPhone
		Ad-Hoc|iPhoneSimulator = Ad-Hoc|iPhoneSimulator
		Ad-Hoc|x64 = Ad-Hoc|x64
		Ad-Hoc|x86 = Ad-Hoc|x86
		AppStore|Any CPU = AppStore|Any CPU
		AppStore|ARM = AppStore|ARM
		AppStore|iPhone = AppStore|iPhone
		AppStore|iPhoneSimulator = AppStore|iPhoneSimulator
		AppStore|x64 = AppStore|x64
		AppStore|x86 = AppStore|x86
		Debug|Any CPU = Debug|Any CPU
		Debug|ARM = Debug|ARM
		Debug|iPhone = Debug|iPhone
		Debug|iPhoneSimulator = Debug|iPhoneSimulator
		Debug|x64 = Debug|x64
		Debug|x86 = Debug|x86
		Release|Any CPU = Release|Any CPU
		Release|ARM = Release|ARM
		Release|iPhone = Release|iPhone
		Release|iPhoneSimulator = Release|iPhoneSimulator
		Release|x64 = Release|x64
		Release|x86 = Release|x86
	EndGlobalSection
	GlobalSection(ProjectConfigurationPlatforms) = postSolution
		{9D927CC4-E344-4C8B-B238-49694EF90680}.Ad-Hoc|Any CPU.ActiveCfg = Release|Any CPU
		{9D927CC4-E344-4C8B-B238-49694EF90680}.Ad-Hoc|Any CPU.Build.0 = Release|Any CPU
		{9D927CC4-E344-4C8B-B238-49694EF90680}.Ad-Hoc|Any CPU.Deploy.0 = Release|Any CPU
		{9D927CC4-E344-4C8B-B238-49694EF90680}.Ad-Hoc|ARM.ActiveCfg = Release|Any CPU
		{9D927CC4-E344-4C8B-B238-49694EF90680}.Ad-Hoc|ARM.Build.0 = Release|Any CPU
		{9D927CC4-E344-4C8B-B238-49694EF90680}.Ad-Hoc|ARM.Deploy.0 = Release|Any CPU
		{9D927CC4-E344-4C8B-B238-49694EF90680}.Ad-Hoc|iPhone.ActiveCfg = Release|Any CPU
		{9D927CC4-E344-4C8B-B238-49694EF90680}.Ad-Hoc|iPhone.Build.0 = Release|Any CPU
		{9D927CC4-E344-4C8B-B238-49694EF90680}.Ad-Hoc|iPhone.Deploy.0 = Release|Any CPU
		{9D927CC4-E344-4C8B-B238-49694EF90680}.Ad-Hoc|iPhoneSimulator.ActiveCfg = Release|Any CPU
		{9D927CC4-E344-4C8B-B238-49694EF90680}.Ad-Hoc|iPhoneSimulator.Build.0 = Release|Any CPU
		{9D927CC4-E344-4C8B-B238-49694EF90680}.Ad-Hoc|iPhoneSimulator.Deploy.0 = Release|Any CPU
		{9D927CC4-E344-4C8B-B238-49694EF90680}.Ad-Hoc|x64.ActiveCfg = Release|Any CPU
		{9D927CC4-E344-4C8B-B238-49694EF90680}.Ad-Hoc|x64.Build.0 = Release|Any CPU
		{9D927CC4-E344-4C8B-B238-49694EF90680}.Ad-Hoc|x64.Deploy.0 = Release|Any CPU
		{9D927CC4-E344-4C8B-B238-49694EF90680}.Ad-Hoc|x86.ActiveCfg = Release|Any CPU
		{9D927CC4-E344-4C8B-B238-49694EF90680}.Ad-Hoc|x86.Build.0 = Release|Any CPU
		{9D927CC4-E344-4C8B-B238-49694EF90680}.Ad-Hoc|x86.Deploy.0 = Release|Any CPU
		{9D927CC4-E344-4C8B-B238-49694EF90680}.AppStore|Any CPU.ActiveCfg = Release|Any CPU
		{9D927CC4-E344-4C8B-B238-49694EF90680}.AppStore|Any CPU.Build.0 = Release|Any CPU
		{9D927CC4-E344-4C8B-B238-49694EF90680}.AppStore|Any CPU.Deploy.0 = Release|Any CPU
		{9D927CC4-E344-4C8B-B238-49694EF90680}.AppStore|ARM.ActiveCfg = Release|Any CPU
		{9D927CC4-E344-4C8B-B238-49694EF90680}.AppStore|ARM.Build.0 = Release|Any CPU
		{9D927CC4-E344-4C8B-B238-49694EF90680}.AppStore|ARM.Deploy.0 = Release|Any CPU
		{9D927CC4-E344-4C8B-B238-49694EF90680}.AppStore|iPhone.ActiveCfg = Release|Any CPU
		{9D927CC4-E344-4C8B-B238-49694EF90680}.AppStore|iPhone.Build.0 = Release|Any CPU
		{9D927CC4-E344-4C8B-B238-49694EF90680}.AppStore|iPhone.Deploy.0 = Release|Any CPU
		{9D927CC4-E344-4C8B-B238-49694EF90680}.AppStore|iPhoneSimulator.ActiveCfg = Release|Any CPU
		{9D927CC4-E344-4C8B-B238-49694EF90680}.AppStore|iPhoneSimulator.Build.0 = Release|Any CPU
		{9D927CC4-E344-4C8B-B238-49694EF90680}.AppStore|iPhoneSimulator.Deploy.0 = Release|Any CPU
		{9D927CC4-E344-4C8B-B238-49694EF90680}.AppStore|x64.ActiveCfg = Release|Any CPU
		{9D927CC4-E344-4C8B-B238-49694EF90680}.AppStore|x64.Build.0 = Release|Any CPU
		{9D927CC4-E344-4C8B-B238-49694EF90680}.AppStore|x64.Deploy.0 = Release|Any CPU
		{9D927CC4-E344-4C8B-B238-49694EF90680}.AppStore|x86.ActiveCfg = Release|Any CPU
		{9D927CC4-E344-4C8B-B238-49694EF90680}.AppStore|x86.Build.0 = Release|Any CPU
		{9D927CC4-E344-4C8B-B238-49694EF90680}.AppStore|x86.Deploy.0 = Release|Any CPU
		{9D927CC4-E344-4C8B-B238-49694EF90680}.Debug|Any CPU.ActiveCfg = Debug|Any CPU
		{9D927CC4-E344-4C8B-B238-49694EF90680}.Debug|Any CPU.Build.0 = Debug|Any CPU
		{9D927CC4-E344-4C8B-B238-49694EF90680}.Debug|Any CPU.Deploy.0 = Debug|Any CPU
		{9D927CC4-E344-4C8B-B238-49694EF90680}.Debug|ARM.ActiveCfg = Debug|Any CPU
		{9D927CC4-E344-4C8B-B238-49694EF90680}.Debug|ARM.Build.0 = Debug|Any CPU
		{9D927CC4-E344-4C8B-B238-49694EF90680}.Debug|ARM.Deploy.0 = Debug|Any CPU
		{9D927CC4-E344-4C8B-B238-49694EF90680}.Debug|iPhone.ActiveCfg = Debug|Any CPU
		{9D927CC4-E344-4C8B-B238-49694EF90680}.Debug|iPhone.Build.0 = Debug|Any CPU
		{9D927CC4-E344-4C8B-B238-49694EF90680}.Debug|iPhone.Deploy.0 = Debug|Any CPU
		{9D927CC4-E344-4C8B-B238-49694EF90680}.Debug|iPhoneSimulator.ActiveCfg = Debug|Any CPU
		{9D927CC4-E344-4C8B-B238-49694EF90680}.Debug|iPhoneSimulator.Build.0 = Debug|Any CPU
		{9D927CC4-E344-4C8B-B238-49694EF90680}.Debug|iPhoneSimulator.Deploy.0 = Debug|Any CPU
		{9D927CC4-E344-4C8B-B238-49694EF90680}.Debug|x64.ActiveCfg = Debug|Any CPU
		{9D927CC4-E344-4C8B-B238-49694EF90680}.Debug|x64.Build.0 = Debug|Any CPU
		{9D927CC4-E344-4C8B-B238-49694EF90680}.Debug|x64.Deploy.0 = Debug|Any CPU
		{9D927CC4-E344-4C8B-B238-49694EF90680}.Debug|x86.ActiveCfg = Debug|Any CPU
		{9D927CC4-E344-4C8B-B238-49694EF90680}.Debug|x86.Build.0 = Debug|Any CPU
		{9D927CC4-E344-4C8B-B238-49694EF90680}.Debug|x86.Deploy.0 = Debug|Any CPU
		{9D927CC4-E344-4C8B-B238-49694EF90680}.Release|Any CPU.ActiveCfg = Release|Any CPU
		{9D927CC4-E344-4C8B-B238-49694EF90680}.Release|Any CPU.Build.0 = Release|Any CPU
		{9D927CC4-E344-4C8B-B238-49694EF90680}.Release|Any CPU.Deploy.0 = Release|Any CPU
		{9D927CC4-E344-4C8B-B238-49694EF90680}.Release|ARM.ActiveCfg = Release|Any CPU
		{9D927CC4-E344-4C8B-B238-49694EF90680}.Release|ARM.Build.0 = Release|Any CPU
		{9D927CC4-E344-4C8B-B238-49694EF90680}.Release|ARM.Deploy.0 = Release|Any CPU
		{9D927CC4-E344-4C8B-B238-49694EF90680}.Release|iPhone.ActiveCfg = Release|Any CPU
		{9D927CC4-E344-4C8B-B238-49694EF90680}.Release|iPhone.Build.0 = Release|Any CPU
		{9D927CC4-E344-4C8B-B238-49694EF90680}.Release|iPhone.Deploy.0 = Release|Any CPU
		{9D927CC4-E344-4C8B-B238-49694EF90680}.Release|iPhoneSimulator.ActiveCfg = Release|Any CPU
		{9D927CC4-E344-4C8B-B238-49694EF90680}.Release|iPhoneSimulator.Build.0 = Release|Any CPU
		{9D927CC4-E344-4C8B-B238-49694EF90680}.Release|iPhoneSimulator.Deploy.0 = Release|Any CPU
		{9D927CC4-E344-4C8B-B238-49694EF90680}.Release|x64.ActiveCfg = Release|Any CPU
		{9D927CC4-E344-4C8B-B238-49694EF90680}.Release|x64.Build.0 = Release|Any CPU
		{9D927CC4-E344-4C8B-B238-49694EF90680}.Release|x64.Deploy.0 = Release|Any CPU
		{9D927CC4-E344-4C8B-B238-49694EF90680}.Release|x86.ActiveCfg = Release|Any CPU
		{9D927CC4-E344-4C8B-B238-49694EF90680}.Release|x86.Build.0 = Release|Any CPU
		{9D927CC4-E344-4C8B-B238-49694EF90680}.Release|x86.Deploy.0 = Release|Any CPU
		{A6833A0B-CEDD-4902-856F-9CB3EFF0CFED}.Ad-Hoc|Any CPU.ActiveCfg = Ad-Hoc|iPhone
		{A6833A0B-CEDD-4902-856F-9CB3EFF0CFED}.Ad-Hoc|ARM.ActiveCfg = Ad-Hoc|iPhone
		{A6833A0B-CEDD-4902-856F-9CB3EFF0CFED}.Ad-Hoc|iPhone.ActiveCfg = Ad-Hoc|iPhone
		{A6833A0B-CEDD-4902-856F-9CB3EFF0CFED}.Ad-Hoc|iPhone.Build.0 = Ad-Hoc|iPhone
		{A6833A0B-CEDD-4902-856F-9CB3EFF0CFED}.Ad-Hoc|iPhoneSimulator.ActiveCfg = Ad-Hoc|iPhoneSimulator
		{A6833A0B-CEDD-4902-856F-9CB3EFF0CFED}.Ad-Hoc|iPhoneSimulator.Build.0 = Ad-Hoc|iPhoneSimulator
		{A6833A0B-CEDD-4902-856F-9CB3EFF0CFED}.Ad-Hoc|x64.ActiveCfg = Ad-Hoc|iPhone
		{A6833A0B-CEDD-4902-856F-9CB3EFF0CFED}.Ad-Hoc|x86.ActiveCfg = Ad-Hoc|iPhone
		{A6833A0B-CEDD-4902-856F-9CB3EFF0CFED}.AppStore|Any CPU.ActiveCfg = AppStore|iPhone
		{A6833A0B-CEDD-4902-856F-9CB3EFF0CFED}.AppStore|ARM.ActiveCfg = AppStore|iPhone
		{A6833A0B-CEDD-4902-856F-9CB3EFF0CFED}.AppStore|iPhone.ActiveCfg = AppStore|iPhone
		{A6833A0B-CEDD-4902-856F-9CB3EFF0CFED}.AppStore|iPhone.Build.0 = AppStore|iPhone
		{A6833A0B-CEDD-4902-856F-9CB3EFF0CFED}.AppStore|iPhoneSimulator.ActiveCfg = AppStore|iPhoneSimulator
		{A6833A0B-CEDD-4902-856F-9CB3EFF0CFED}.AppStore|iPhoneSimulator.Build.0 = AppStore|iPhoneSimulator
		{A6833A0B-CEDD-4902-856F-9CB3EFF0CFED}.AppStore|x64.ActiveCfg = AppStore|iPhone
		{A6833A0B-CEDD-4902-856F-9CB3EFF0CFED}.AppStore|x86.ActiveCfg = AppStore|iPhone
		{A6833A0B-CEDD-4902-856F-9CB3EFF0CFED}.Debug|Any CPU.ActiveCfg = Debug|iPhone
		{A6833A0B-CEDD-4902-856F-9CB3EFF0CFED}.Debug|ARM.ActiveCfg = Debug|iPhone
		{A6833A0B-CEDD-4902-856F-9CB3EFF0CFED}.Debug|iPhone.ActiveCfg = Debug|iPhone
		{A6833A0B-CEDD-4902-856F-9CB3EFF0CFED}.Debug|iPhone.Build.0 = Debug|iPhone
		{A6833A0B-CEDD-4902-856F-9CB3EFF0CFED}.Debug|iPhoneSimulator.ActiveCfg = Debug|iPhoneSimulator
		{A6833A0B-CEDD-4902-856F-9CB3EFF0CFED}.Debug|iPhoneSimulator.Build.0 = Debug|iPhoneSimulator
		{A6833A0B-CEDD-4902-856F-9CB3EFF0CFED}.Debug|x64.ActiveCfg = Debug|iPhone
		{A6833A0B-CEDD-4902-856F-9CB3EFF0CFED}.Debug|x86.ActiveCfg = Debug|iPhone
		{A6833A0B-CEDD-4902-856F-9CB3EFF0CFED}.Release|Any CPU.ActiveCfg = Release|iPhone
		{A6833A0B-CEDD-4902-856F-9CB3EFF0CFED}.Release|ARM.ActiveCfg = Release|iPhone
		{A6833A0B-CEDD-4902-856F-9CB3EFF0CFED}.Release|iPhone.ActiveCfg = Release|iPhone
		{A6833A0B-CEDD-4902-856F-9CB3EFF0CFED}.Release|iPhone.Build.0 = Release|iPhone
		{A6833A0B-CEDD-4902-856F-9CB3EFF0CFED}.Release|iPhoneSimulator.ActiveCfg = Release|iPhoneSimulator
		{A6833A0B-CEDD-4902-856F-9CB3EFF0CFED}.Release|iPhoneSimulator.Build.0 = Release|iPhoneSimulator
		{A6833A0B-CEDD-4902-856F-9CB3EFF0CFED}.Release|x64.ActiveCfg = Release|iPhone
		{A6833A0B-CEDD-4902-856F-9CB3EFF0CFED}.Release|x86.ActiveCfg = Release|iPhone
		{3EDD6C4B-A90E-40D2-9972-C66C6DC22EBD}.Ad-Hoc|Any CPU.ActiveCfg = Release|Any CPU
		{3EDD6C4B-A90E-40D2-9972-C66C6DC22EBD}.Ad-Hoc|Any CPU.Build.0 = Release|Any CPU
		{3EDD6C4B-A90E-40D2-9972-C66C6DC22EBD}.Ad-Hoc|Any CPU.Deploy.0 = Release|Any CPU
		{3EDD6C4B-A90E-40D2-9972-C66C6DC22EBD}.Ad-Hoc|ARM.ActiveCfg = Release|ARM
		{3EDD6C4B-A90E-40D2-9972-C66C6DC22EBD}.Ad-Hoc|ARM.Build.0 = Release|ARM
		{3EDD6C4B-A90E-40D2-9972-C66C6DC22EBD}.Ad-Hoc|ARM.Deploy.0 = Release|ARM
		{3EDD6C4B-A90E-40D2-9972-C66C6DC22EBD}.Ad-Hoc|iPhone.ActiveCfg = Release|Any CPU
		{3EDD6C4B-A90E-40D2-9972-C66C6DC22EBD}.Ad-Hoc|iPhone.Build.0 = Release|Any CPU
		{3EDD6C4B-A90E-40D2-9972-C66C6DC22EBD}.Ad-Hoc|iPhone.Deploy.0 = Release|Any CPU
		{3EDD6C4B-A90E-40D2-9972-C66C6DC22EBD}.Ad-Hoc|iPhoneSimulator.ActiveCfg = Release|Any CPU
		{3EDD6C4B-A90E-40D2-9972-C66C6DC22EBD}.Ad-Hoc|iPhoneSimulator.Build.0 = Release|Any CPU
		{3EDD6C4B-A90E-40D2-9972-C66C6DC22EBD}.Ad-Hoc|iPhoneSimulator.Deploy.0 = Release|Any CPU
		{3EDD6C4B-A90E-40D2-9972-C66C6DC22EBD}.Ad-Hoc|x64.ActiveCfg = Release|Any CPU
		{3EDD6C4B-A90E-40D2-9972-C66C6DC22EBD}.Ad-Hoc|x64.Build.0 = Release|Any CPU
		{3EDD6C4B-A90E-40D2-9972-C66C6DC22EBD}.Ad-Hoc|x64.Deploy.0 = Release|Any CPU
		{3EDD6C4B-A90E-40D2-9972-C66C6DC22EBD}.Ad-Hoc|x86.ActiveCfg = Release|x86
		{3EDD6C4B-A90E-40D2-9972-C66C6DC22EBD}.Ad-Hoc|x86.Build.0 = Release|x86
		{3EDD6C4B-A90E-40D2-9972-C66C6DC22EBD}.Ad-Hoc|x86.Deploy.0 = Release|x86
		{3EDD6C4B-A90E-40D2-9972-C66C6DC22EBD}.AppStore|Any CPU.ActiveCfg = Release|Any CPU
		{3EDD6C4B-A90E-40D2-9972-C66C6DC22EBD}.AppStore|Any CPU.Build.0 = Release|Any CPU
		{3EDD6C4B-A90E-40D2-9972-C66C6DC22EBD}.AppStore|Any CPU.Deploy.0 = Release|Any CPU
		{3EDD6C4B-A90E-40D2-9972-C66C6DC22EBD}.AppStore|ARM.ActiveCfg = Release|ARM
		{3EDD6C4B-A90E-40D2-9972-C66C6DC22EBD}.AppStore|ARM.Build.0 = Release|ARM
		{3EDD6C4B-A90E-40D2-9972-C66C6DC22EBD}.AppStore|ARM.Deploy.0 = Release|ARM
		{3EDD6C4B-A90E-40D2-9972-C66C6DC22EBD}.AppStore|iPhone.ActiveCfg = Release|Any CPU
		{3EDD6C4B-A90E-40D2-9972-C66C6DC22EBD}.AppStore|iPhone.Build.0 = Release|Any CPU
		{3EDD6C4B-A90E-40D2-9972-C66C6DC22EBD}.AppStore|iPhone.Deploy.0 = Release|Any CPU
		{3EDD6C4B-A90E-40D2-9972-C66C6DC22EBD}.AppStore|iPhoneSimulator.ActiveCfg = Release|Any CPU
		{3EDD6C4B-A90E-40D2-9972-C66C6DC22EBD}.AppStore|iPhoneSimulator.Build.0 = Release|Any CPU
		{3EDD6C4B-A90E-40D2-9972-C66C6DC22EBD}.AppStore|iPhoneSimulator.Deploy.0 = Release|Any CPU
		{3EDD6C4B-A90E-40D2-9972-C66C6DC22EBD}.AppStore|x64.ActiveCfg = Release|Any CPU
		{3EDD6C4B-A90E-40D2-9972-C66C6DC22EBD}.AppStore|x64.Build.0 = Release|Any CPU
		{3EDD6C4B-A90E-40D2-9972-C66C6DC22EBD}.AppStore|x64.Deploy.0 = Release|Any CPU
		{3EDD6C4B-A90E-40D2-9972-C66C6DC22EBD}.AppStore|x86.ActiveCfg = Release|x86
		{3EDD6C4B-A90E-40D2-9972-C66C6DC22EBD}.AppStore|x86.Build.0 = Release|x86
		{3EDD6C4B-A90E-40D2-9972-C66C6DC22EBD}.AppStore|x86.Deploy.0 = Release|x86
		{3EDD6C4B-A90E-40D2-9972-C66C6DC22EBD}.Debug|Any CPU.ActiveCfg = Debug|Any CPU
		{3EDD6C4B-A90E-40D2-9972-C66C6DC22EBD}.Debug|Any CPU.Build.0 = Debug|Any CPU
		{3EDD6C4B-A90E-40D2-9972-C66C6DC22EBD}.Debug|Any CPU.Deploy.0 = Debug|Any CPU
		{3EDD6C4B-A90E-40D2-9972-C66C6DC22EBD}.Debug|ARM.ActiveCfg = Debug|ARM
		{3EDD6C4B-A90E-40D2-9972-C66C6DC22EBD}.Debug|ARM.Build.0 = Debug|ARM
		{3EDD6C4B-A90E-40D2-9972-C66C6DC22EBD}.Debug|ARM.Deploy.0 = Debug|ARM
		{3EDD6C4B-A90E-40D2-9972-C66C6DC22EBD}.Debug|iPhone.ActiveCfg = Debug|Any CPU
		{3EDD6C4B-A90E-40D2-9972-C66C6DC22EBD}.Debug|iPhone.Build.0 = Debug|Any CPU
		{3EDD6C4B-A90E-40D2-9972-C66C6DC22EBD}.Debug|iPhone.Deploy.0 = Debug|Any CPU
		{3EDD6C4B-A90E-40D2-9972-C66C6DC22EBD}.Debug|iPhoneSimulator.ActiveCfg = Debug|Any CPU
		{3EDD6C4B-A90E-40D2-9972-C66C6DC22EBD}.Debug|iPhoneSimulator.Build.0 = Debug|Any CPU
		{3EDD6C4B-A90E-40D2-9972-C66C6DC22EBD}.Debug|iPhoneSimulator.Deploy.0 = Debug|Any CPU
		{3EDD6C4B-A90E-40D2-9972-C66C6DC22EBD}.Debug|x64.ActiveCfg = Debug|Any CPU
		{3EDD6C4B-A90E-40D2-9972-C66C6DC22EBD}.Debug|x64.Build.0 = Debug|Any CPU
		{3EDD6C4B-A90E-40D2-9972-C66C6DC22EBD}.Debug|x64.Deploy.0 = Debug|Any CPU
		{3EDD6C4B-A90E-40D2-9972-C66C6DC22EBD}.Debug|x86.ActiveCfg = Debug|x86
		{3EDD6C4B-A90E-40D2-9972-C66C6DC22EBD}.Debug|x86.Build.0 = Debug|x86
		{3EDD6C4B-A90E-40D2-9972-C66C6DC22EBD}.Debug|x86.Deploy.0 = Debug|x86
		{3EDD6C4B-A90E-40D2-9972-C66C6DC22EBD}.Release|Any CPU.ActiveCfg = Release|Any CPU
		{3EDD6C4B-A90E-40D2-9972-C66C6DC22EBD}.Release|Any CPU.Build.0 = Release|Any CPU
		{3EDD6C4B-A90E-40D2-9972-C66C6DC22EBD}.Release|Any CPU.Deploy.0 = Release|Any CPU
		{3EDD6C4B-A90E-40D2-9972-C66C6DC22EBD}.Release|ARM.ActiveCfg = Release|ARM
		{3EDD6C4B-A90E-40D2-9972-C66C6DC22EBD}.Release|ARM.Build.0 = Release|ARM
		{3EDD6C4B-A90E-40D2-9972-C66C6DC22EBD}.Release|ARM.Deploy.0 = Release|ARM
		{3EDD6C4B-A90E-40D2-9972-C66C6DC22EBD}.Release|iPhone.ActiveCfg = Release|Any CPU
		{3EDD6C4B-A90E-40D2-9972-C66C6DC22EBD}.Release|iPhone.Build.0 = Release|Any CPU
		{3EDD6C4B-A90E-40D2-9972-C66C6DC22EBD}.Release|iPhone.Deploy.0 = Release|Any CPU
		{3EDD6C4B-A90E-40D2-9972-C66C6DC22EBD}.Release|iPhoneSimulator.ActiveCfg = Release|Any CPU
		{3EDD6C4B-A90E-40D2-9972-C66C6DC22EBD}.Release|iPhoneSimulator.Build.0 = Release|Any CPU
		{3EDD6C4B-A90E-40D2-9972-C66C6DC22EBD}.Release|iPhoneSimulator.Deploy.0 = Release|Any CPU
		{3EDD6C4B-A90E-40D2-9972-C66C6DC22EBD}.Release|x64.ActiveCfg = Release|Any CPU
		{3EDD6C4B-A90E-40D2-9972-C66C6DC22EBD}.Release|x64.Build.0 = Release|Any CPU
		{3EDD6C4B-A90E-40D2-9972-C66C6DC22EBD}.Release|x64.Deploy.0 = Release|Any CPU
		{3EDD6C4B-A90E-40D2-9972-C66C6DC22EBD}.Release|x86.ActiveCfg = Release|x86
		{3EDD6C4B-A90E-40D2-9972-C66C6DC22EBD}.Release|x86.Build.0 = Release|x86
		{3EDD6C4B-A90E-40D2-9972-C66C6DC22EBD}.Release|x86.Deploy.0 = Release|x86
		{43BC4294-DAE1-4CEF-AEC5-23CA49270823}.Ad-Hoc|Any CPU.ActiveCfg = Release|Any CPU
		{43BC4294-DAE1-4CEF-AEC5-23CA49270823}.Ad-Hoc|Any CPU.Build.0 = Release|Any CPU
		{43BC4294-DAE1-4CEF-AEC5-23CA49270823}.Ad-Hoc|Any CPU.Deploy.0 = Release|Any CPU
		{43BC4294-DAE1-4CEF-AEC5-23CA49270823}.Ad-Hoc|ARM.ActiveCfg = Release|ARM
		{43BC4294-DAE1-4CEF-AEC5-23CA49270823}.Ad-Hoc|ARM.Build.0 = Release|ARM
		{43BC4294-DAE1-4CEF-AEC5-23CA49270823}.Ad-Hoc|ARM.Deploy.0 = Release|ARM
		{43BC4294-DAE1-4CEF-AEC5-23CA49270823}.Ad-Hoc|iPhone.ActiveCfg = Release|Any CPU
		{43BC4294-DAE1-4CEF-AEC5-23CA49270823}.Ad-Hoc|iPhone.Build.0 = Release|Any CPU
		{43BC4294-DAE1-4CEF-AEC5-23CA49270823}.Ad-Hoc|iPhone.Deploy.0 = Release|Any CPU
		{43BC4294-DAE1-4CEF-AEC5-23CA49270823}.Ad-Hoc|iPhoneSimulator.ActiveCfg = Release|Any CPU
		{43BC4294-DAE1-4CEF-AEC5-23CA49270823}.Ad-Hoc|iPhoneSimulator.Build.0 = Release|Any CPU
		{43BC4294-DAE1-4CEF-AEC5-23CA49270823}.Ad-Hoc|iPhoneSimulator.Deploy.0 = Release|Any CPU
		{43BC4294-DAE1-4CEF-AEC5-23CA49270823}.Ad-Hoc|x64.ActiveCfg = Release|x64
		{43BC4294-DAE1-4CEF-AEC5-23CA49270823}.Ad-Hoc|x64.Build.0 = Release|x64
		{43BC4294-DAE1-4CEF-AEC5-23CA49270823}.Ad-Hoc|x64.Deploy.0 = Release|x64
		{43BC4294-DAE1-4CEF-AEC5-23CA49270823}.Ad-Hoc|x86.ActiveCfg = Release|x86
		{43BC4294-DAE1-4CEF-AEC5-23CA49270823}.Ad-Hoc|x86.Build.0 = Release|x86
		{43BC4294-DAE1-4CEF-AEC5-23CA49270823}.Ad-Hoc|x86.Deploy.0 = Release|x86
		{43BC4294-DAE1-4CEF-AEC5-23CA49270823}.AppStore|Any CPU.ActiveCfg = Release|Any CPU
		{43BC4294-DAE1-4CEF-AEC5-23CA49270823}.AppStore|Any CPU.Build.0 = Release|Any CPU
		{43BC4294-DAE1-4CEF-AEC5-23CA49270823}.AppStore|Any CPU.Deploy.0 = Release|Any CPU
		{43BC4294-DAE1-4CEF-AEC5-23CA49270823}.AppStore|ARM.ActiveCfg = Release|ARM
		{43BC4294-DAE1-4CEF-AEC5-23CA49270823}.AppStore|ARM.Build.0 = Release|ARM
		{43BC4294-DAE1-4CEF-AEC5-23CA49270823}.AppStore|ARM.Deploy.0 = Release|ARM
		{43BC4294-DAE1-4CEF-AEC5-23CA49270823}.AppStore|iPhone.ActiveCfg = Release|Any CPU
		{43BC4294-DAE1-4CEF-AEC5-23CA49270823}.AppStore|iPhone.Build.0 = Release|Any CPU
		{43BC4294-DAE1-4CEF-AEC5-23CA49270823}.AppStore|iPhone.Deploy.0 = Release|Any CPU
		{43BC4294-DAE1-4CEF-AEC5-23CA49270823}.AppStore|iPhoneSimulator.ActiveCfg = Release|Any CPU
		{43BC4294-DAE1-4CEF-AEC5-23CA49270823}.AppStore|iPhoneSimulator.Build.0 = Release|Any CPU
		{43BC4294-DAE1-4CEF-AEC5-23CA49270823}.AppStore|iPhoneSimulator.Deploy.0 = Release|Any CPU
		{43BC4294-DAE1-4CEF-AEC5-23CA49270823}.AppStore|x64.ActiveCfg = Release|x64
		{43BC4294-DAE1-4CEF-AEC5-23CA49270823}.AppStore|x64.Build.0 = Release|x64
		{43BC4294-DAE1-4CEF-AEC5-23CA49270823}.AppStore|x64.Deploy.0 = Release|x64
		{43BC4294-DAE1-4CEF-AEC5-23CA49270823}.AppStore|x86.ActiveCfg = Release|x86
		{43BC4294-DAE1-4CEF-AEC5-23CA49270823}.AppStore|x86.Build.0 = Release|x86
		{43BC4294-DAE1-4CEF-AEC5-23CA49270823}.AppStore|x86.Deploy.0 = Release|x86
		{43BC4294-DAE1-4CEF-AEC5-23CA49270823}.Debug|Any CPU.ActiveCfg = Debug|Any CPU
		{43BC4294-DAE1-4CEF-AEC5-23CA49270823}.Debug|Any CPU.Build.0 = Debug|Any CPU
		{43BC4294-DAE1-4CEF-AEC5-23CA49270823}.Debug|Any CPU.Deploy.0 = Debug|Any CPU
		{43BC4294-DAE1-4CEF-AEC5-23CA49270823}.Debug|ARM.ActiveCfg = Debug|ARM
		{43BC4294-DAE1-4CEF-AEC5-23CA49270823}.Debug|ARM.Build.0 = Debug|ARM
		{43BC4294-DAE1-4CEF-AEC5-23CA49270823}.Debug|ARM.Deploy.0 = Debug|ARM
		{43BC4294-DAE1-4CEF-AEC5-23CA49270823}.Debug|iPhone.ActiveCfg = Debug|Any CPU
		{43BC4294-DAE1-4CEF-AEC5-23CA49270823}.Debug|iPhone.Build.0 = Debug|Any CPU
		{43BC4294-DAE1-4CEF-AEC5-23CA49270823}.Debug|iPhone.Deploy.0 = Debug|Any CPU
		{43BC4294-DAE1-4CEF-AEC5-23CA49270823}.Debug|iPhoneSimulator.ActiveCfg = Debug|Any CPU
		{43BC4294-DAE1-4CEF-AEC5-23CA49270823}.Debug|iPhoneSimulator.Build.0 = Debug|Any CPU
		{43BC4294-DAE1-4CEF-AEC5-23CA49270823}.Debug|iPhoneSimulator.Deploy.0 = Debug|Any CPU
		{43BC4294-DAE1-4CEF-AEC5-23CA49270823}.Debug|x64.ActiveCfg = Debug|x64
		{43BC4294-DAE1-4CEF-AEC5-23CA49270823}.Debug|x64.Build.0 = Debug|x64
		{43BC4294-DAE1-4CEF-AEC5-23CA49270823}.Debug|x64.Deploy.0 = Debug|x64
		{43BC4294-DAE1-4CEF-AEC5-23CA49270823}.Debug|x86.ActiveCfg = Debug|x86
		{43BC4294-DAE1-4CEF-AEC5-23CA49270823}.Debug|x86.Build.0 = Debug|x86
		{43BC4294-DAE1-4CEF-AEC5-23CA49270823}.Debug|x86.Deploy.0 = Debug|x86
		{43BC4294-DAE1-4CEF-AEC5-23CA49270823}.Release|Any CPU.ActiveCfg = Release|Any CPU
		{43BC4294-DAE1-4CEF-AEC5-23CA49270823}.Release|Any CPU.Build.0 = Release|Any CPU
		{43BC4294-DAE1-4CEF-AEC5-23CA49270823}.Release|Any CPU.Deploy.0 = Release|Any CPU
		{43BC4294-DAE1-4CEF-AEC5-23CA49270823}.Release|ARM.ActiveCfg = Release|ARM
		{43BC4294-DAE1-4CEF-AEC5-23CA49270823}.Release|ARM.Build.0 = Release|ARM
		{43BC4294-DAE1-4CEF-AEC5-23CA49270823}.Release|ARM.Deploy.0 = Release|ARM
		{43BC4294-DAE1-4CEF-AEC5-23CA49270823}.Release|iPhone.ActiveCfg = Release|Any CPU
		{43BC4294-DAE1-4CEF-AEC5-23CA49270823}.Release|iPhone.Build.0 = Release|Any CPU
		{43BC4294-DAE1-4CEF-AEC5-23CA49270823}.Release|iPhone.Deploy.0 = Release|Any CPU
		{43BC4294-DAE1-4CEF-AEC5-23CA49270823}.Release|iPhoneSimulator.ActiveCfg = Release|Any CPU
		{43BC4294-DAE1-4CEF-AEC5-23CA49270823}.Release|iPhoneSimulator.Build.0 = Release|Any CPU
		{43BC4294-DAE1-4CEF-AEC5-23CA49270823}.Release|iPhoneSimulator.Deploy.0 = Release|Any CPU
		{43BC4294-DAE1-4CEF-AEC5-23CA49270823}.Release|x64.ActiveCfg = Release|x64
		{43BC4294-DAE1-4CEF-AEC5-23CA49270823}.Release|x64.Build.0 = Release|x64
		{43BC4294-DAE1-4CEF-AEC5-23CA49270823}.Release|x64.Deploy.0 = Release|x64
		{43BC4294-DAE1-4CEF-AEC5-23CA49270823}.Release|x86.ActiveCfg = Release|x86
		{43BC4294-DAE1-4CEF-AEC5-23CA49270823}.Release|x86.Build.0 = Release|x86
		{43BC4294-DAE1-4CEF-AEC5-23CA49270823}.Release|x86.Deploy.0 = Release|x86
	EndGlobalSection
	GlobalSection(SolutionProperties) = preSolution
		HideSolutionNode = FALSE
	EndGlobalSection
EndGlobal
